
Microsoft Visual Studio Solution File, Format Version 12.00
# Visual Studio Version 17
VisualStudioVersion = 17.3.32929.385
MinimumVisualStudioVersion = 10.0.40219.1
Project("{FAE04EC0-301F-11D3-BF4B-00C04F79EFBC}") = "Task_3_2_Forms", "Task_3_2_Forms\Task_3_2_Forms.csproj", "{51914D02-9F28-4B24-856A-4988BEF35081}"
EndProject
Global
	GlobalSection(SolutionConfigurationPlatforms) = preSolution
		Debug|Any CPU = Debug|Any CPU
		Release|Any CPU = Release|Any CPU
	EndGlobalSection
	GlobalSection(ProjectConfigurationPlatforms) = postSolution
		{51914D02-9F28-4B24-856A-4988BEF35081}.Debug|Any CPU.ActiveCfg = Debug|Any CPU
		{51914D02-9F28-4B24-856A-4988BEF35081}.Debug|Any CPU.Build.0 = Debug|Any CPU
		{51914D02-9F28-4B24-856A-4988BEF35081}.Release|Any CPU.ActiveCfg = Release|Any CPU
		{51914D02-9F28-4B24-856A-4988BEF35081}.Release|Any CPU.Build.0 = Release|Any CPU
	EndGlobalSection
	GlobalSection(SolutionProperties) = preSolution
		HideSolutionNode = FALSE
	EndGlobalSection
	GlobalSection(ExtensibilityGlobals) = postSolution
		SolutionGuid = {2F3D47AA-F99A-46CD-8C0D-9B92F72D272C}
	EndGlobalSection
EndGlobal
